// !$*UTF8*$!
{
	archiveVersion = 1;
	classes = {
	};
	objectVersion = 48;
	objects = {

/* Begin PBXBuildFile section */
		0C10960220B1C42900060B70 /* ContrAgentSettings.swift in Sources */ = {isa = PBXBuildFile; fileRef = 0C10960020B1C42900060B70 /* ContrAgentSettings.swift */; };
		0C10960320B1C42900060B70 /* ContrAgentSettings.xib in Resources */ = {isa = PBXBuildFile; fileRef = 0C10960120B1C42900060B70 /* ContrAgentSettings.xib */; };
		0C10960620B1C64100060B70 /* ContAgentSetCashbackValueViewController.swift in Sources */ = {isa = PBXBuildFile; fileRef = 0C10960420B1C64100060B70 /* ContAgentSetCashbackValueViewController.swift */; };
		0C10960720B1C64100060B70 /* ContAgentSetCashbackValueViewController.xib in Resources */ = {isa = PBXBuildFile; fileRef = 0C10960520B1C64100060B70 /* ContAgentSetCashbackValueViewController.xib */; };
		0C10960C20B1CE3400060B70 /* PartnerCell.swift in Sources */ = {isa = PBXBuildFile; fileRef = 0C10960A20B1CE3400060B70 /* PartnerCell.swift */; };
		0C10960D20B1CE3400060B70 /* PartnerCell.xib in Resources */ = {isa = PBXBuildFile; fileRef = 0C10960B20B1CE3400060B70 /* PartnerCell.xib */; };
		0C10961020B1D93E00060B70 /* FullPartner.swift in Sources */ = {isa = PBXBuildFile; fileRef = 0C10960E20B1D93E00060B70 /* FullPartner.swift */; };
		0C10961120B1D93E00060B70 /* FullPartner.xib in Resources */ = {isa = PBXBuildFile; fileRef = 0C10960F20B1D93E00060B70 /* FullPartner.xib */; };
		0C73F55320500FC10031C787 /* ActionCircleButtons.swift in Sources */ = {isa = PBXBuildFile; fileRef = 0C73F55220500FC10031C787 /* ActionCircleButtons.swift */; };
		0C73F557205029520031C787 /* qr.gif in Resources */ = {isa = PBXBuildFile; fileRef = 0C73F556205029520031C787 /* qr.gif */; };
		0C73F55920503FE10031C787 /* MapKit.framework in Frameworks */ = {isa = PBXBuildFile; fileRef = 0C73F55820503FE10031C787 /* MapKit.framework */; };
		0C833D5C207B87A0004D093A /* BuyerMessagesArhive.swift in Sources */ = {isa = PBXBuildFile; fileRef = 0C833D5A207B87A0004D093A /* BuyerMessagesArhive.swift */; };
		0C833D5D207B87A0004D093A /* BuyerMessagesArhive.xib in Resources */ = {isa = PBXBuildFile; fileRef = 0C833D5B207B87A0004D093A /* BuyerMessagesArhive.xib */; };
		0C833D60207B8A6A004D093A /* AboutDiamondClub.swift in Sources */ = {isa = PBXBuildFile; fileRef = 0C833D5E207B8A6A004D093A /* AboutDiamondClub.swift */; };
		0C833D61207B8A6A004D093A /* AboutDiamondClub.xib in Resources */ = {isa = PBXBuildFile; fileRef = 0C833D5F207B8A6A004D093A /* AboutDiamondClub.xib */; };
		0C833D64207B8AD2004D093A /* BuyerSettingsViewController.swift in Sources */ = {isa = PBXBuildFile; fileRef = 0C833D62207B8AD2004D093A /* BuyerSettingsViewController.swift */; };
		0C833D65207B8AD2004D093A /* BuyerSettingsViewController.xib in Resources */ = {isa = PBXBuildFile; fileRef = 0C833D63207B8AD2004D093A /* BuyerSettingsViewController.xib */; };
		0C833D68207B8BD5004D093A /* EditBuyerViewController.swift in Sources */ = {isa = PBXBuildFile; fileRef = 0C833D66207B8BD5004D093A /* EditBuyerViewController.swift */; };
		0C833D69207B8BD5004D093A /* EditBuyerViewController.xib in Resources */ = {isa = PBXBuildFile; fileRef = 0C833D67207B8BD5004D093A /* EditBuyerViewController.xib */; };
		0C833D6C207B8C13004D093A /* BuyerInfoViewController.swift in Sources */ = {isa = PBXBuildFile; fileRef = 0C833D6A207B8C13004D093A /* BuyerInfoViewController.swift */; };
		0C833D6D207B8C13004D093A /* BuyerInfoViewController.xib in Resources */ = {isa = PBXBuildFile; fileRef = 0C833D6B207B8C13004D093A /* BuyerInfoViewController.xib */; };
		0C833D70207B8D46004D093A /* PartnersViewController.swift in Sources */ = {isa = PBXBuildFile; fileRef = 0C833D6E207B8D46004D093A /* PartnersViewController.swift */; };
		0C833D71207B8D46004D093A /* PartnersViewController.xib in Resources */ = {isa = PBXBuildFile; fileRef = 0C833D6F207B8D46004D093A /* PartnersViewController.xib */; };
		0C833D74207B8D64004D093A /* DiamondOnlineViewController.swift in Sources */ = {isa = PBXBuildFile; fileRef = 0C833D72207B8D64004D093A /* DiamondOnlineViewController.swift */; };
		0C833D75207B8D64004D093A /* DiamondOnlineViewController.xib in Resources */ = {isa = PBXBuildFile; fileRef = 0C833D73207B8D64004D093A /* DiamondOnlineViewController.xib */; };
		0C833D78207B8D78004D093A /* QRCodeViewController.swift in Sources */ = {isa = PBXBuildFile; fileRef = 0C833D76207B8D78004D093A /* QRCodeViewController.swift */; };
		0C833D79207B8D78004D093A /* QRCodeViewController.xib in Resources */ = {isa = PBXBuildFile; fileRef = 0C833D77207B8D78004D093A /* QRCodeViewController.xib */; };
		0C833D7C207B906C004D093A /* SharesViewController.swift in Sources */ = {isa = PBXBuildFile; fileRef = 0C833D7A207B906C004D093A /* SharesViewController.swift */; };
		0C833D7D207B906C004D093A /* SharesViewController.xib in Resources */ = {isa = PBXBuildFile; fileRef = 0C833D7B207B906C004D093A /* SharesViewController.xib */; };
		0C9FD94E204EDFB90094024F /* BuyerHomeViewController.swift in Sources */ = {isa = PBXBuildFile; fileRef = 0C9FD94C204EDFB90094024F /* BuyerHomeViewController.swift */; };
		0C9FD94F204EDFB90094024F /* BuyerHomeViewController.xib in Resources */ = {isa = PBXBuildFile; fileRef = 0C9FD94D204EDFB90094024F /* BuyerHomeViewController.xib */; };
		0C9FD952204EDFD70094024F /* BuyerMenuViewController.swift in Sources */ = {isa = PBXBuildFile; fileRef = 0C9FD950204EDFD70094024F /* BuyerMenuViewController.swift */; };
		0C9FD953204EDFD70094024F /* BuyerMenuViewController.xib in Resources */ = {isa = PBXBuildFile; fileRef = 0C9FD951204EDFD70094024F /* BuyerMenuViewController.xib */; };
		0C9FD956204EDFFB0094024F /* BuyerRightViewController.swift in Sources */ = {isa = PBXBuildFile; fileRef = 0C9FD954204EDFFB0094024F /* BuyerRightViewController.swift */; };
		0C9FD957204EDFFB0094024F /* BuyerRightViewController.xib in Resources */ = {isa = PBXBuildFile; fileRef = 0C9FD955204EDFFB0094024F /* BuyerRightViewController.xib */; };
		0C9FD95A204EE0800094024F /* ContAgentHomeViewController.swift in Sources */ = {isa = PBXBuildFile; fileRef = 0C9FD958204EE0800094024F /* ContAgentHomeViewController.swift */; };
		0C9FD95B204EE0800094024F /* ContAgentHomeViewController.xib in Resources */ = {isa = PBXBuildFile; fileRef = 0C9FD959204EE0800094024F /* ContAgentHomeViewController.xib */; };
		0C9FD95E204EE0950094024F /* ContrAgentMenuViewController.swift in Sources */ = {isa = PBXBuildFile; fileRef = 0C9FD95C204EE0950094024F /* ContrAgentMenuViewController.swift */; };
		0C9FD95F204EE0950094024F /* ContrAgentMenuViewController.xib in Resources */ = {isa = PBXBuildFile; fileRef = 0C9FD95D204EE0950094024F /* ContrAgentMenuViewController.xib */; };
		0C9FD962204EE0E10094024F /* ContrAgentRightViewController.swift in Sources */ = {isa = PBXBuildFile; fileRef = 0C9FD960204EE0E10094024F /* ContrAgentRightViewController.swift */; };
		0C9FD963204EE0E10094024F /* ContrAgentRightViewController.xib in Resources */ = {isa = PBXBuildFile; fileRef = 0C9FD961204EE0E10094024F /* ContrAgentRightViewController.xib */; };
		0CB27B71204ECB58009BCBF8 /* RootNavigationController.swift in Sources */ = {isa = PBXBuildFile; fileRef = 0CB27B70204ECB58009BCBF8 /* RootNavigationController.swift */; };
		0CBDBD9B20BAB90400E88030 /* ContrAgentInfoViewController.swift in Sources */ = {isa = PBXBuildFile; fileRef = 0CBDBD9920BAB90400E88030 /* ContrAgentInfoViewController.swift */; };
		0CBDBD9C20BAB90400E88030 /* ContrAgentInfoViewController.xib in Resources */ = {isa = PBXBuildFile; fileRef = 0CBDBD9A20BAB90400E88030 /* ContrAgentInfoViewController.xib */; };
		0CBDBD9F20BABA2200E88030 /* ContrAgentStatisticViewController.swift in Sources */ = {isa = PBXBuildFile; fileRef = 0CBDBD9D20BABA2200E88030 /* ContrAgentStatisticViewController.swift */; };
		0CBDBDA020BABA2200E88030 /* ContrAgentStatisticViewController.xib in Resources */ = {isa = PBXBuildFile; fileRef = 0CBDBD9E20BABA2200E88030 /* ContrAgentStatisticViewController.xib */; };
		0CBDBDA320BABAA900E88030 /* ContAgentOperationsViewController.swift in Sources */ = {isa = PBXBuildFile; fileRef = 0CBDBDA120BABAA900E88030 /* ContAgentOperationsViewController.swift */; };
		0CBDBDA420BABAA900E88030 /* ContAgentOperationsViewController.xib in Resources */ = {isa = PBXBuildFile; fileRef = 0CBDBDA220BABAA900E88030 /* ContAgentOperationsViewController.xib */; };
		0CBDBDA620BAC11200E88030 /* DiamondClubRootViewController.swift in Sources */ = {isa = PBXBuildFile; fileRef = 0CBDBDA520BAC11200E88030 /* DiamondClubRootViewController.swift */; };
		0CBDBDA820BAE9A300E88030 /* ActivityItem.swift in Sources */ = {isa = PBXBuildFile; fileRef = 0CBDBDA720BAE9A300E88030 /* ActivityItem.swift */; };
		0CBDBDAD20BAEF5F00E88030 /* ActivityTableViewCell.swift in Sources */ = {isa = PBXBuildFile; fileRef = 0CBDBDAB20BAEF5F00E88030 /* ActivityTableViewCell.swift */; };
		0CBDBDAE20BAEF5F00E88030 /* ActivityTableViewCell.xib in Resources */ = {isa = PBXBuildFile; fileRef = 0CBDBDAC20BAEF5F00E88030 /* ActivityTableViewCell.xib */; };
		0CC8061C20A9CEA500D3884A /* ContrAgentQRViewController.swift in Sources */ = {isa = PBXBuildFile; fileRef = 0CC8061B20A9CEA500D3884A /* ContrAgentQRViewController.swift */; };
		29E418A5E5E6C3D3CAA1D4AF /* Pods_Diamond_Club.framework in Frameworks */ = {isa = PBXBuildFile; fileRef = 7902ADCCFBCF4C53EB4D35CF /* Pods_Diamond_Club.framework */; };
		D73D7E14203B172B00AC7C75 /* AuthorizationController.swift in Sources */ = {isa = PBXBuildFile; fileRef = D73D7E13203B172B00AC7C75 /* AuthorizationController.swift */; };
		D73D7E16203B1DA900AC7C75 /* Admin.swift in Sources */ = {isa = PBXBuildFile; fileRef = D73D7E15203B1DA900AC7C75 /* Admin.swift */; };
		D73D7E18203B1DC100AC7C75 /* Buyer.swift in Sources */ = {isa = PBXBuildFile; fileRef = D73D7E17203B1DC100AC7C75 /* Buyer.swift */; };
		D73D7E1A203B1EEF00AC7C75 /* ContrAgent.swift in Sources */ = {isa = PBXBuildFile; fileRef = D73D7E19203B1EEF00AC7C75 /* ContrAgent.swift */; };
		D77BAAC4203DA57300FD504D /* RoundedButton.swift in Sources */ = {isa = PBXBuildFile; fileRef = D77BAAC3203DA57300FD504D /* RoundedButton.swift */; };
		D79B577A203AF7FB006687A2 /* AppDelegate.swift in Sources */ = {isa = PBXBuildFile; fileRef = D79B5779203AF7FB006687A2 /* AppDelegate.swift */; };
		D79B577C203AF7FB006687A2 /* ViewController.swift in Sources */ = {isa = PBXBuildFile; fileRef = D79B577B203AF7FB006687A2 /* ViewController.swift */; };
		D79B577F203AF7FB006687A2 /* Main.storyboard in Resources */ = {isa = PBXBuildFile; fileRef = D79B577D203AF7FB006687A2 /* Main.storyboard */; };
		D79B5781203AF7FB006687A2 /* Assets.xcassets in Resources */ = {isa = PBXBuildFile; fileRef = D79B5780203AF7FB006687A2 /* Assets.xcassets */; };
		D79B5784203AF7FB006687A2 /* LaunchScreen.storyboard in Resources */ = {isa = PBXBuildFile; fileRef = D79B5782203AF7FB006687A2 /* LaunchScreen.storyboard */; };
		D79B5793203B0041006687A2 /* AdminMainViewController.swift in Sources */ = {isa = PBXBuildFile; fileRef = D79B5792203B0041006687A2 /* AdminMainViewController.swift */; };
		D79B5795203B0059006687A2 /* BuyerMainViewController.swift in Sources */ = {isa = PBXBuildFile; fileRef = D79B5794203B0059006687A2 /* BuyerMainViewController.swift */; };
		D79B5797203B0068006687A2 /* ContrAgentMainViewController.swift in Sources */ = {isa = PBXBuildFile; fileRef = D79B5796203B0068006687A2 /* ContrAgentMainViewController.swift */; };
		D79B579A203B01F0006687A2 /* AdminMenuViewController.swift in Sources */ = {isa = PBXBuildFile; fileRef = D79B5798203B01F0006687A2 /* AdminMenuViewController.swift */; };
		D79B579B203B01F0006687A2 /* AdminMenuViewController.xib in Resources */ = {isa = PBXBuildFile; fileRef = D79B5799203B01F0006687A2 /* AdminMenuViewController.xib */; };
		D79B579E203B034C006687A2 /* AdminHomeViewController.swift in Sources */ = {isa = PBXBuildFile; fileRef = D79B579C203B034C006687A2 /* AdminHomeViewController.swift */; };
		D79B579F203B034C006687A2 /* AdminHomeViewController.xib in Resources */ = {isa = PBXBuildFile; fileRef = D79B579D203B034C006687A2 /* AdminHomeViewController.xib */; };
		D79B57A2203B03B8006687A2 /* AdminRightViewController.swift in Sources */ = {isa = PBXBuildFile; fileRef = D79B57A0203B03B8006687A2 /* AdminRightViewController.swift */; };
		D79B57A3203B03B8006687A2 /* AdminRightViewController.xib in Resources */ = {isa = PBXBuildFile; fileRef = D79B57A1203B03B8006687A2 /* AdminRightViewController.xib */; };
		D79B57A5203B04A7006687A2 /* LoginViewController.swift in Sources */ = {isa = PBXBuildFile; fileRef = D79B57A4203B04A7006687A2 /* LoginViewController.swift */; };
		D79B57A8203B04D5006687A2 /* RegistrationViewController.swift in Sources */ = {isa = PBXBuildFile; fileRef = D79B57A7203B04D5006687A2 /* RegistrationViewController.swift */; };
/* End PBXBuildFile section */

/* Begin PBXFileReference section */
		0C10960020B1C42900060B70 /* ContrAgentSettings.swift */ = {isa = PBXFileReference; lastKnownFileType = sourcecode.swift; path = ContrAgentSettings.swift; sourceTree = "<group>"; };
		0C10960120B1C42900060B70 /* ContrAgentSettings.xib */ = {isa = PBXFileReference; lastKnownFileType = file.xib; path = ContrAgentSettings.xib; sourceTree = "<group>"; };
		0C10960420B1C64100060B70 /* ContAgentSetCashbackValueViewController.swift */ = {isa = PBXFileReference; lastKnownFileType = sourcecode.swift; path = ContAgentSetCashbackValueViewController.swift; sourceTree = "<group>"; };
		0C10960520B1C64100060B70 /* ContAgentSetCashbackValueViewController.xib */ = {isa = PBXFileReference; lastKnownFileType = file.xib; path = ContAgentSetCashbackValueViewController.xib; sourceTree = "<group>"; };
		0C10960A20B1CE3400060B70 /* PartnerCell.swift */ = {isa = PBXFileReference; lastKnownFileType = sourcecode.swift; path = PartnerCell.swift; sourceTree = "<group>"; };
		0C10960B20B1CE3400060B70 /* PartnerCell.xib */ = {isa = PBXFileReference; lastKnownFileType = file.xib; path = PartnerCell.xib; sourceTree = "<group>"; };
		0C10960E20B1D93E00060B70 /* FullPartner.swift */ = {isa = PBXFileReference; lastKnownFileType = sourcecode.swift; path = FullPartner.swift; sourceTree = "<group>"; };
		0C10960F20B1D93E00060B70 /* FullPartner.xib */ = {isa = PBXFileReference; lastKnownFileType = file.xib; path = FullPartner.xib; sourceTree = "<group>"; };
		0C73F55220500FC10031C787 /* ActionCircleButtons.swift */ = {isa = PBXFileReference; lastKnownFileType = sourcecode.swift; path = ActionCircleButtons.swift; sourceTree = "<group>"; };
		0C73F556205029520031C787 /* qr.gif */ = {isa = PBXFileReference; lastKnownFileType = image.gif; path = qr.gif; sourceTree = "<group>"; };
		0C73F55820503FE10031C787 /* MapKit.framework */ = {isa = PBXFileReference; lastKnownFileType = wrapper.framework; name = MapKit.framework; path = System/Library/Frameworks/MapKit.framework; sourceTree = SDKROOT; };
		0C833D59207B5B1C004D093A /* Diamond Club.entitlements */ = {isa = PBXFileReference; lastKnownFileType = text.plist.entitlements; path = "Diamond Club.entitlements"; sourceTree = "<group>"; };
		0C833D5A207B87A0004D093A /* BuyerMessagesArhive.swift */ = {isa = PBXFileReference; lastKnownFileType = sourcecode.swift; path = BuyerMessagesArhive.swift; sourceTree = "<group>"; };
		0C833D5B207B87A0004D093A /* BuyerMessagesArhive.xib */ = {isa = PBXFileReference; lastKnownFileType = file.xib; path = BuyerMessagesArhive.xib; sourceTree = "<group>"; };
		0C833D5E207B8A6A004D093A /* AboutDiamondClub.swift */ = {isa = PBXFileReference; lastKnownFileType = sourcecode.swift; path = AboutDiamondClub.swift; sourceTree = "<group>"; };
		0C833D5F207B8A6A004D093A /* AboutDiamondClub.xib */ = {isa = PBXFileReference; lastKnownFileType = file.xib; path = AboutDiamondClub.xib; sourceTree = "<group>"; };
		0C833D62207B8AD2004D093A /* BuyerSettingsViewController.swift */ = {isa = PBXFileReference; lastKnownFileType = sourcecode.swift; path = BuyerSettingsViewController.swift; sourceTree = "<group>"; };
		0C833D63207B8AD2004D093A /* BuyerSettingsViewController.xib */ = {isa = PBXFileReference; lastKnownFileType = file.xib; path = BuyerSettingsViewController.xib; sourceTree = "<group>"; };
		0C833D66207B8BD5004D093A /* EditBuyerViewController.swift */ = {isa = PBXFileReference; lastKnownFileType = sourcecode.swift; path = EditBuyerViewController.swift; sourceTree = "<group>"; };
		0C833D67207B8BD5004D093A /* EditBuyerViewController.xib */ = {isa = PBXFileReference; lastKnownFileType = file.xib; path = EditBuyerViewController.xib; sourceTree = "<group>"; };
		0C833D6A207B8C13004D093A /* BuyerInfoViewController.swift */ = {isa = PBXFileReference; lastKnownFileType = sourcecode.swift; path = BuyerInfoViewController.swift; sourceTree = "<group>"; };
		0C833D6B207B8C13004D093A /* BuyerInfoViewController.xib */ = {isa = PBXFileReference; lastKnownFileType = file.xib; path = BuyerInfoViewController.xib; sourceTree = "<group>"; };
		0C833D6E207B8D46004D093A /* PartnersViewController.swift */ = {isa = PBXFileReference; lastKnownFileType = sourcecode.swift; path = PartnersViewController.swift; sourceTree = "<group>"; };
		0C833D6F207B8D46004D093A /* PartnersViewController.xib */ = {isa = PBXFileReference; lastKnownFileType = file.xib; path = PartnersViewController.xib; sourceTree = "<group>"; };
		0C833D72207B8D64004D093A /* DiamondOnlineViewController.swift */ = {isa = PBXFileReference; lastKnownFileType = sourcecode.swift; path = DiamondOnlineViewController.swift; sourceTree = "<group>"; };
		0C833D73207B8D64004D093A /* DiamondOnlineViewController.xib */ = {isa = PBXFileReference; lastKnownFileType = file.xib; path = DiamondOnlineViewController.xib; sourceTree = "<group>"; };
		0C833D76207B8D78004D093A /* QRCodeViewController.swift */ = {isa = PBXFileReference; lastKnownFileType = sourcecode.swift; path = QRCodeViewController.swift; sourceTree = "<group>"; };
		0C833D77207B8D78004D093A /* QRCodeViewController.xib */ = {isa = PBXFileReference; lastKnownFileType = file.xib; path = QRCodeViewController.xib; sourceTree = "<group>"; };
		0C833D7A207B906C004D093A /* SharesViewController.swift */ = {isa = PBXFileReference; lastKnownFileType = sourcecode.swift; path = SharesViewController.swift; sourceTree = "<group>"; };
		0C833D7B207B906C004D093A /* SharesViewController.xib */ = {isa = PBXFileReference; lastKnownFileType = file.xib; path = SharesViewController.xib; sourceTree = "<group>"; };
		0C9FD94C204EDFB90094024F /* BuyerHomeViewController.swift */ = {isa = PBXFileReference; lastKnownFileType = sourcecode.swift; path = BuyerHomeViewController.swift; sourceTree = "<group>"; };
		0C9FD94D204EDFB90094024F /* BuyerHomeViewController.xib */ = {isa = PBXFileReference; lastKnownFileType = file.xib; path = BuyerHomeViewController.xib; sourceTree = "<group>"; };
		0C9FD950204EDFD70094024F /* BuyerMenuViewController.swift */ = {isa = PBXFileReference; lastKnownFileType = sourcecode.swift; path = BuyerMenuViewController.swift; sourceTree = "<group>"; };
		0C9FD951204EDFD70094024F /* BuyerMenuViewController.xib */ = {isa = PBXFileReference; lastKnownFileType = file.xib; path = BuyerMenuViewController.xib; sourceTree = "<group>"; };
		0C9FD954204EDFFB0094024F /* BuyerRightViewController.swift */ = {isa = PBXFileReference; lastKnownFileType = sourcecode.swift; path = BuyerRightViewController.swift; sourceTree = "<group>"; };
		0C9FD955204EDFFB0094024F /* BuyerRightViewController.xib */ = {isa = PBXFileReference; lastKnownFileType = file.xib; path = BuyerRightViewController.xib; sourceTree = "<group>"; };
		0C9FD958204EE0800094024F /* ContAgentHomeViewController.swift */ = {isa = PBXFileReference; lastKnownFileType = sourcecode.swift; path = ContAgentHomeViewController.swift; sourceTree = "<group>"; };
		0C9FD959204EE0800094024F /* ContAgentHomeViewController.xib */ = {isa = PBXFileReference; lastKnownFileType = file.xib; path = ContAgentHomeViewController.xib; sourceTree = "<group>"; };
		0C9FD95C204EE0950094024F /* ContrAgentMenuViewController.swift */ = {isa = PBXFileReference; lastKnownFileType = sourcecode.swift; path = ContrAgentMenuViewController.swift; sourceTree = "<group>"; };
		0C9FD95D204EE0950094024F /* ContrAgentMenuViewController.xib */ = {isa = PBXFileReference; lastKnownFileType = file.xib; path = ContrAgentMenuViewController.xib; sourceTree = "<group>"; };
		0C9FD960204EE0E10094024F /* ContrAgentRightViewController.swift */ = {isa = PBXFileReference; lastKnownFileType = sourcecode.swift; path = ContrAgentRightViewController.swift; sourceTree = "<group>"; };
		0C9FD961204EE0E10094024F /* ContrAgentRightViewController.xib */ = {isa = PBXFileReference; lastKnownFileType = file.xib; path = ContrAgentRightViewController.xib; sourceTree = "<group>"; };
		0CB27B70204ECB58009BCBF8 /* RootNavigationController.swift */ = {isa = PBXFileReference; lastKnownFileType = sourcecode.swift; path = RootNavigationController.swift; sourceTree = "<group>"; };
		0CBDBD9920BAB90400E88030 /* ContrAgentInfoViewController.swift */ = {isa = PBXFileReference; lastKnownFileType = sourcecode.swift; path = ContrAgentInfoViewController.swift; sourceTree = "<group>"; };
		0CBDBD9A20BAB90400E88030 /* ContrAgentInfoViewController.xib */ = {isa = PBXFileReference; lastKnownFileType = file.xib; path = ContrAgentInfoViewController.xib; sourceTree = "<group>"; };
		0CBDBD9D20BABA2200E88030 /* ContrAgentStatisticViewController.swift */ = {isa = PBXFileReference; lastKnownFileType = sourcecode.swift; path = ContrAgentStatisticViewController.swift; sourceTree = "<group>"; };
		0CBDBD9E20BABA2200E88030 /* ContrAgentStatisticViewController.xib */ = {isa = PBXFileReference; lastKnownFileType = file.xib; path = ContrAgentStatisticViewController.xib; sourceTree = "<group>"; };
		0CBDBDA120BABAA900E88030 /* ContAgentOperationsViewController.swift */ = {isa = PBXFileReference; lastKnownFileType = sourcecode.swift; path = ContAgentOperationsViewController.swift; sourceTree = "<group>"; };
		0CBDBDA220BABAA900E88030 /* ContAgentOperationsViewController.xib */ = {isa = PBXFileReference; lastKnownFileType = file.xib; path = ContAgentOperationsViewController.xib; sourceTree = "<group>"; };
		0CBDBDA520BAC11200E88030 /* DiamondClubRootViewController.swift */ = {isa = PBXFileReference; lastKnownFileType = sourcecode.swift; path = DiamondClubRootViewController.swift; sourceTree = "<group>"; };
		0CBDBDA720BAE9A300E88030 /* ActivityItem.swift */ = {isa = PBXFileReference; lastKnownFileType = sourcecode.swift; path = ActivityItem.swift; sourceTree = "<group>"; };
		0CBDBDAB20BAEF5F00E88030 /* ActivityTableViewCell.swift */ = {isa = PBXFileReference; lastKnownFileType = sourcecode.swift; path = ActivityTableViewCell.swift; sourceTree = "<group>"; };
		0CBDBDAC20BAEF5F00E88030 /* ActivityTableViewCell.xib */ = {isa = PBXFileReference; lastKnownFileType = file.xib; path = ActivityTableViewCell.xib; sourceTree = "<group>"; };
		0CC8061B20A9CEA500D3884A /* ContrAgentQRViewController.swift */ = {isa = PBXFileReference; lastKnownFileType = sourcecode.swift; path = ContrAgentQRViewController.swift; sourceTree = "<group>"; };
		0CEFA76320C4011B007B0CBB /* ru */ = {isa = PBXFileReference; lastKnownFileType = text.plist.strings; name = ru; path = ru.lproj/Main.strings; sourceTree = "<group>"; };
		0CEFA76420C4011B007B0CBB /* ru */ = {isa = PBXFileReference; lastKnownFileType = text.plist.strings; name = ru; path = ru.lproj/LaunchScreen.strings; sourceTree = "<group>"; };
		453DC9C4B7B478862508FE29 /* Pods-Diamond Club.release.xcconfig */ = {isa = PBXFileReference; includeInIndex = 1; lastKnownFileType = text.xcconfig; name = "Pods-Diamond Club.release.xcconfig"; path = "Pods/Target Support Files/Pods-Diamond Club/Pods-Diamond Club.release.xcconfig"; sourceTree = "<group>"; };
		7902ADCCFBCF4C53EB4D35CF /* Pods_Diamond_Club.framework */ = {isa = PBXFileReference; explicitFileType = wrapper.framework; includeInIndex = 0; path = Pods_Diamond_Club.framework; sourceTree = BUILT_PRODUCTS_DIR; };
		9EB26B9E585CFD98A6221E80 /* Pods-Diamond Club.debug.xcconfig */ = {isa = PBXFileReference; includeInIndex = 1; lastKnownFileType = text.xcconfig; name = "Pods-Diamond Club.debug.xcconfig"; path = "Pods/Target Support Files/Pods-Diamond Club/Pods-Diamond Club.debug.xcconfig"; sourceTree = "<group>"; };
		D73D7E13203B172B00AC7C75 /* AuthorizationController.swift */ = {isa = PBXFileReference; lastKnownFileType = sourcecode.swift; path = AuthorizationController.swift; sourceTree = "<group>"; };
		D73D7E15203B1DA900AC7C75 /* Admin.swift */ = {isa = PBXFileReference; lastKnownFileType = sourcecode.swift; path = Admin.swift; sourceTree = "<group>"; };
		D73D7E17203B1DC100AC7C75 /* Buyer.swift */ = {isa = PBXFileReference; lastKnownFileType = sourcecode.swift; path = Buyer.swift; sourceTree = "<group>"; };
		D73D7E19203B1EEF00AC7C75 /* ContrAgent.swift */ = {isa = PBXFileReference; lastKnownFileType = sourcecode.swift; path = ContrAgent.swift; sourceTree = "<group>"; };
		D77BAAC3203DA57300FD504D /* RoundedButton.swift */ = {isa = PBXFileReference; lastKnownFileType = sourcecode.swift; path = RoundedButton.swift; sourceTree = "<group>"; };
		D79B5776203AF7FB006687A2 /* Diamond Club.app */ = {isa = PBXFileReference; explicitFileType = wrapper.application; includeInIndex = 0; path = "Diamond Club.app"; sourceTree = BUILT_PRODUCTS_DIR; };
		D79B5779203AF7FB006687A2 /* AppDelegate.swift */ = {isa = PBXFileReference; lastKnownFileType = sourcecode.swift; path = AppDelegate.swift; sourceTree = "<group>"; };
		D79B577B203AF7FB006687A2 /* ViewController.swift */ = {isa = PBXFileReference; lastKnownFileType = sourcecode.swift; path = ViewController.swift; sourceTree = "<group>"; };
		D79B577E203AF7FB006687A2 /* Base */ = {isa = PBXFileReference; lastKnownFileType = file.storyboard; name = Base; path = Base.lproj/Main.storyboard; sourceTree = "<group>"; };
		D79B5780203AF7FB006687A2 /* Assets.xcassets */ = {isa = PBXFileReference; lastKnownFileType = folder.assetcatalog; path = Assets.xcassets; sourceTree = "<group>"; };
		D79B5783203AF7FB006687A2 /* Base */ = {isa = PBXFileReference; lastKnownFileType = file.storyboard; name = Base; path = Base.lproj/LaunchScreen.storyboard; sourceTree = "<group>"; };
		D79B5785203AF7FB006687A2 /* Info.plist */ = {isa = PBXFileReference; lastKnownFileType = text.plist.xml; path = Info.plist; sourceTree = "<group>"; };
		D79B5792203B0041006687A2 /* AdminMainViewController.swift */ = {isa = PBXFileReference; lastKnownFileType = sourcecode.swift; path = AdminMainViewController.swift; sourceTree = "<group>"; };
		D79B5794203B0059006687A2 /* BuyerMainViewController.swift */ = {isa = PBXFileReference; lastKnownFileType = sourcecode.swift; path = BuyerMainViewController.swift; sourceTree = "<group>"; };
		D79B5796203B0068006687A2 /* ContrAgentMainViewController.swift */ = {isa = PBXFileReference; lastKnownFileType = sourcecode.swift; path = ContrAgentMainViewController.swift; sourceTree = "<group>"; };
		D79B5798203B01F0006687A2 /* AdminMenuViewController.swift */ = {isa = PBXFileReference; lastKnownFileType = sourcecode.swift; path = AdminMenuViewController.swift; sourceTree = "<group>"; };
		D79B5799203B01F0006687A2 /* AdminMenuViewController.xib */ = {isa = PBXFileReference; lastKnownFileType = file.xib; path = AdminMenuViewController.xib; sourceTree = "<group>"; };
		D79B579C203B034C006687A2 /* AdminHomeViewController.swift */ = {isa = PBXFileReference; lastKnownFileType = sourcecode.swift; path = AdminHomeViewController.swift; sourceTree = "<group>"; };
		D79B579D203B034C006687A2 /* AdminHomeViewController.xib */ = {isa = PBXFileReference; lastKnownFileType = file.xib; path = AdminHomeViewController.xib; sourceTree = "<group>"; };
		D79B57A0203B03B8006687A2 /* AdminRightViewController.swift */ = {isa = PBXFileReference; lastKnownFileType = sourcecode.swift; path = AdminRightViewController.swift; sourceTree = "<group>"; };
		D79B57A1203B03B8006687A2 /* AdminRightViewController.xib */ = {isa = PBXFileReference; lastKnownFileType = file.xib; path = AdminRightViewController.xib; sourceTree = "<group>"; };
		D79B57A4203B04A7006687A2 /* LoginViewController.swift */ = {isa = PBXFileReference; lastKnownFileType = sourcecode.swift; path = LoginViewController.swift; sourceTree = "<group>"; };
		D79B57A7203B04D5006687A2 /* RegistrationViewController.swift */ = {isa = PBXFileReference; lastKnownFileType = sourcecode.swift; path = RegistrationViewController.swift; sourceTree = "<group>"; };
/* End PBXFileReference section */

/* Begin PBXFrameworksBuildPhase section */
		D79B5773203AF7FB006687A2 /* Frameworks */ = {
			isa = PBXFrameworksBuildPhase;
			buildActionMask = 2147483647;
			files = (
				0C73F55920503FE10031C787 /* MapKit.framework in Frameworks */,
				29E418A5E5E6C3D3CAA1D4AF /* Pods_Diamond_Club.framework in Frameworks */,
			);
			runOnlyForDeploymentPostprocessing = 0;
		};
/* End PBXFrameworksBuildPhase section */

/* Begin PBXGroup section */
		0C73F55120500FA00031C787 /* CustomUI */ = {
			isa = PBXGroup;
			children = (
				0C73F556205029520031C787 /* qr.gif */,
				0C73F55220500FC10031C787 /* ActionCircleButtons.swift */,
			);
			path = CustomUI;
			sourceTree = "<group>";
		};
		3766D93DF8214C5E92ADA061 /* Pods */ = {
			isa = PBXGroup;
			children = (
				9EB26B9E585CFD98A6221E80 /* Pods-Diamond Club.debug.xcconfig */,
				453DC9C4B7B478862508FE29 /* Pods-Diamond Club.release.xcconfig */,
			);
			name = Pods;
			sourceTree = "<group>";
		};
		CE8F73B92E25A1E08D9B4AF8 /* Frameworks */ = {
			isa = PBXGroup;
			children = (
				0C73F55820503FE10031C787 /* MapKit.framework */,
				7902ADCCFBCF4C53EB4D35CF /* Pods_Diamond_Club.framework */,
			);
			name = Frameworks;
			sourceTree = "<group>";
		};
		D77BAAC2203DA54800FD504D /* RoundedButton */ = {
			isa = PBXGroup;
			children = (
				D77BAAC3203DA57300FD504D /* RoundedButton.swift */,
			);
			path = RoundedButton;
			sourceTree = "<group>";
		};
		D79B576D203AF7FB006687A2 = {
			isa = PBXGroup;
			children = (
				D79B5778203AF7FB006687A2 /* Diamond Club */,
				D79B5777203AF7FB006687A2 /* Products */,
				3766D93DF8214C5E92ADA061 /* Pods */,
				CE8F73B92E25A1E08D9B4AF8 /* Frameworks */,
			);
			sourceTree = "<group>";
		};
		D79B5777203AF7FB006687A2 /* Products */ = {
			isa = PBXGroup;
			children = (
				D79B5776203AF7FB006687A2 /* Diamond Club.app */,
			);
			name = Products;
			sourceTree = "<group>";
		};
		D79B5778203AF7FB006687A2 /* Diamond Club */ = {
			isa = PBXGroup;
			children = (
				0C833D59207B5B1C004D093A /* Diamond Club.entitlements */,
				0C73F55120500FA00031C787 /* CustomUI */,
				D79B57A6203B04AE006687A2 /* Auth */,
				D79B5791203AFA75006687A2 /* Admin */,
				D79B5790203AFA5C006687A2 /* Buyer */,
				D79B578F203AFA48006687A2 /* ContrAgent */,
				D79B5779203AF7FB006687A2 /* AppDelegate.swift */,
				D79B577B203AF7FB006687A2 /* ViewController.swift */,
				D79B577D203AF7FB006687A2 /* Main.storyboard */,
				D79B5780203AF7FB006687A2 /* Assets.xcassets */,
				D79B5782203AF7FB006687A2 /* LaunchScreen.storyboard */,
				D79B5785203AF7FB006687A2 /* Info.plist */,
			);
			path = "Diamond Club";
			sourceTree = "<group>";
		};
		D79B578F203AFA48006687A2 /* ContrAgent */ = {
			isa = PBXGroup;
			children = (
				D79B5796203B0068006687A2 /* ContrAgentMainViewController.swift */,
				0C9FD958204EE0800094024F /* ContAgentHomeViewController.swift */,
				0C9FD959204EE0800094024F /* ContAgentHomeViewController.xib */,
				0C9FD95C204EE0950094024F /* ContrAgentMenuViewController.swift */,
				0C9FD95D204EE0950094024F /* ContrAgentMenuViewController.xib */,
				0C9FD960204EE0E10094024F /* ContrAgentRightViewController.swift */,
				0C9FD961204EE0E10094024F /* ContrAgentRightViewController.xib */,
				0CC8061B20A9CEA500D3884A /* ContrAgentQRViewController.swift */,
				0C10960020B1C42900060B70 /* ContrAgentSettings.swift */,
				0C10960120B1C42900060B70 /* ContrAgentSettings.xib */,
				0C10960420B1C64100060B70 /* ContAgentSetCashbackValueViewController.swift */,
				0C10960520B1C64100060B70 /* ContAgentSetCashbackValueViewController.xib */,
				0CBDBD9920BAB90400E88030 /* ContrAgentInfoViewController.swift */,
				0CBDBD9A20BAB90400E88030 /* ContrAgentInfoViewController.xib */,
				0CBDBD9D20BABA2200E88030 /* ContrAgentStatisticViewController.swift */,
				0CBDBD9E20BABA2200E88030 /* ContrAgentStatisticViewController.xib */,
				0CBDBDA120BABAA900E88030 /* ContAgentOperationsViewController.swift */,
				0CBDBDA220BABAA900E88030 /* ContAgentOperationsViewController.xib */,
				0CBDBDA720BAE9A300E88030 /* ActivityItem.swift */,
				0CBDBDAB20BAEF5F00E88030 /* ActivityTableViewCell.swift */,
				0CBDBDAC20BAEF5F00E88030 /* ActivityTableViewCell.xib */,
			);
			path = ContrAgent;
			sourceTree = "<group>";
		};
		D79B5790203AFA5C006687A2 /* Buyer */ = {
			isa = PBXGroup;
			children = (
				D79B5794203B0059006687A2 /* BuyerMainViewController.swift */,
				0C9FD94C204EDFB90094024F /* BuyerHomeViewController.swift */,
				0C9FD94D204EDFB90094024F /* BuyerHomeViewController.xib */,
				0C9FD950204EDFD70094024F /* BuyerMenuViewController.swift */,
				0C9FD951204EDFD70094024F /* BuyerMenuViewController.xib */,
				0C9FD954204EDFFB0094024F /* BuyerRightViewController.swift */,
				0C9FD955204EDFFB0094024F /* BuyerRightViewController.xib */,
				0C833D5A207B87A0004D093A /* BuyerMessagesArhive.swift */,
				0C833D5B207B87A0004D093A /* BuyerMessagesArhive.xib */,
				0C833D5E207B8A6A004D093A /* AboutDiamondClub.swift */,
				0C833D5F207B8A6A004D093A /* AboutDiamondClub.xib */,
				0C833D62207B8AD2004D093A /* BuyerSettingsViewController.swift */,
				0C833D63207B8AD2004D093A /* BuyerSettingsViewController.xib */,
				0C833D66207B8BD5004D093A /* EditBuyerViewController.swift */,
				0C833D67207B8BD5004D093A /* EditBuyerViewController.xib */,
				0C833D6A207B8C13004D093A /* BuyerInfoViewController.swift */,
				0C833D6B207B8C13004D093A /* BuyerInfoViewController.xib */,
				0C833D6E207B8D46004D093A /* PartnersViewController.swift */,
				0C833D6F207B8D46004D093A /* PartnersViewController.xib */,
				0C833D72207B8D64004D093A /* DiamondOnlineViewController.swift */,
				0C833D73207B8D64004D093A /* DiamondOnlineViewController.xib */,
				0C833D76207B8D78004D093A /* QRCodeViewController.swift */,
				0C833D77207B8D78004D093A /* QRCodeViewController.xib */,
				0C833D7A207B906C004D093A /* SharesViewController.swift */,
				0C833D7B207B906C004D093A /* SharesViewController.xib */,
				0C10960A20B1CE3400060B70 /* PartnerCell.swift */,
				0C10960B20B1CE3400060B70 /* PartnerCell.xib */,
				0C10960E20B1D93E00060B70 /* FullPartner.swift */,
				0C10960F20B1D93E00060B70 /* FullPartner.xib */,
			);
			path = Buyer;
			sourceTree = "<group>";
		};
		D79B5791203AFA75006687A2 /* Admin */ = {
			isa = PBXGroup;
			children = (
				D79B5792203B0041006687A2 /* AdminMainViewController.swift */,
				D79B5798203B01F0006687A2 /* AdminMenuViewController.swift */,
				D79B5799203B01F0006687A2 /* AdminMenuViewController.xib */,
				D79B579C203B034C006687A2 /* AdminHomeViewController.swift */,
				D79B579D203B034C006687A2 /* AdminHomeViewController.xib */,
				D79B57A0203B03B8006687A2 /* AdminRightViewController.swift */,
				D79B57A1203B03B8006687A2 /* AdminRightViewController.xib */,
			);
			path = Admin;
			sourceTree = "<group>";
		};
		D79B57A6203B04AE006687A2 /* Auth */ = {
			isa = PBXGroup;
			children = (
				D77BAAC2203DA54800FD504D /* RoundedButton */,
				D79B57A4203B04A7006687A2 /* LoginViewController.swift */,
				D79B57A7203B04D5006687A2 /* RegistrationViewController.swift */,
				D73D7E13203B172B00AC7C75 /* AuthorizationController.swift */,
				D73D7E15203B1DA900AC7C75 /* Admin.swift */,
				D73D7E17203B1DC100AC7C75 /* Buyer.swift */,
				D73D7E19203B1EEF00AC7C75 /* ContrAgent.swift */,
				0CB27B70204ECB58009BCBF8 /* RootNavigationController.swift */,
				0CBDBDA520BAC11200E88030 /* DiamondClubRootViewController.swift */,
			);
			path = Auth;
			sourceTree = "<group>";
		};
/* End PBXGroup section */

/* Begin PBXNativeTarget section */
		D79B5775203AF7FB006687A2 /* Diamond Club */ = {
			isa = PBXNativeTarget;
			buildConfigurationList = D79B5788203AF7FB006687A2 /* Build configuration list for PBXNativeTarget "Diamond Club" */;
			buildPhases = (
				B92BA88F0857F226DD01BC41 /* [CP] Check Pods Manifest.lock */,
				D79B5772203AF7FB006687A2 /* Sources */,
				D79B5773203AF7FB006687A2 /* Frameworks */,
				D79B5774203AF7FB006687A2 /* Resources */,
				E21CAECA0165E70E4EEAF989 /* [CP] Embed Pods Frameworks */,
				9007A054051E135DFF8A2D58 /* [CP] Copy Pods Resources */,
			);
			buildRules = (
			);
			dependencies = (
			);
			name = "Diamond Club";
			productName = "Diamond Club";
			productReference = D79B5776203AF7FB006687A2 /* Diamond Club.app */;
			productType = "com.apple.product-type.application";
		};
/* End PBXNativeTarget section */

/* Begin PBXProject section */
		D79B576E203AF7FB006687A2 /* Project object */ = {
			isa = PBXProject;
			attributes = {
				LastSwiftUpdateCheck = 0920;
				LastUpgradeCheck = 0930;
				ORGANIZATIONNAME = "user-letsgo6";
				TargetAttributes = {
					D79B5775203AF7FB006687A2 = {
						CreatedOnToolsVersion = 9.2;
						ProvisioningStyle = Automatic;
						SystemCapabilities = {
							com.apple.Maps.iOS = {
								enabled = 1;
							};
							com.apple.Push = {
								enabled = 1;
							};
						};
					};
				};
			};
			buildConfigurationList = D79B5771203AF7FB006687A2 /* Build configuration list for PBXProject "Diamond Club" */;
			compatibilityVersion = "Xcode 8.0";
			developmentRegion = en;
			hasScannedForEncodings = 0;
			knownRegions = (
				en,
				Base,
			);
			mainGroup = D79B576D203AF7FB006687A2;
			productRefGroup = D79B5777203AF7FB006687A2 /* Products */;
			projectDirPath = "";
			projectRoot = "";
			targets = (
				D79B5775203AF7FB006687A2 /* Diamond Club */,
			);
		};
/* End PBXProject section */

/* Begin PBXResourcesBuildPhase section */
		D79B5774203AF7FB006687A2 /* Resources */ = {
			isa = PBXResourcesBuildPhase;
			buildActionMask = 2147483647;
			files = (
				0C73F557205029520031C787 /* qr.gif in Resources */,
				0CBDBD9C20BAB90400E88030 /* ContrAgentInfoViewController.xib in Resources */,
				0C9FD957204EDFFB0094024F /* BuyerRightViewController.xib in Resources */,
				0C833D6D207B8C13004D093A /* BuyerInfoViewController.xib in Resources */,
				D79B5784203AF7FB006687A2 /* LaunchScreen.storyboard in Resources */,
				D79B579B203B01F0006687A2 /* AdminMenuViewController.xib in Resources */,
				0CBDBDA020BABA2200E88030 /* ContrAgentStatisticViewController.xib in Resources */,
				0C833D5D207B87A0004D093A /* BuyerMessagesArhive.xib in Resources */,
				0C9FD94F204EDFB90094024F /* BuyerHomeViewController.xib in Resources */,
				0C10961120B1D93E00060B70 /* FullPartner.xib in Resources */,
				D79B5781203AF7FB006687A2 /* Assets.xcassets in Resources */,
				0C833D75207B8D64004D093A /* DiamondOnlineViewController.xib in Resources */,
				0C833D65207B8AD2004D093A /* BuyerSettingsViewController.xib in Resources */,
				D79B577F203AF7FB006687A2 /* Main.storyboard in Resources */,
				0C833D71207B8D46004D093A /* PartnersViewController.xib in Resources */,
				0CBDBDA420BABAA900E88030 /* ContAgentOperationsViewController.xib in Resources */,
				0C833D79207B8D78004D093A /* QRCodeViewController.xib in Resources */,
				D79B579F203B034C006687A2 /* AdminHomeViewController.xib in Resources */,
				0C833D69207B8BD5004D093A /* EditBuyerViewController.xib in Resources */,
				D79B57A3203B03B8006687A2 /* AdminRightViewController.xib in Resources */,
				0C9FD963204EE0E10094024F /* ContrAgentRightViewController.xib in Resources */,
				0C10960320B1C42900060B70 /* ContrAgentSettings.xib in Resources */,
				0CBDBDAE20BAEF5F00E88030 /* ActivityTableViewCell.xib in Resources */,
				0C833D61207B8A6A004D093A /* AboutDiamondClub.xib in Resources */,
				0C9FD953204EDFD70094024F /* BuyerMenuViewController.xib in Resources */,
				0C9FD95F204EE0950094024F /* ContrAgentMenuViewController.xib in Resources */,
				0C833D7D207B906C004D093A /* SharesViewController.xib in Resources */,
				0C10960D20B1CE3400060B70 /* PartnerCell.xib in Resources */,
				0C9FD95B204EE0800094024F /* ContAgentHomeViewController.xib in Resources */,
				0C10960720B1C64100060B70 /* ContAgentSetCashbackValueViewController.xib in Resources */,
			);
			runOnlyForDeploymentPostprocessing = 0;
		};
/* End PBXResourcesBuildPhase section */

/* Begin PBXShellScriptBuildPhase section */
		9007A054051E135DFF8A2D58 /* [CP] Copy Pods Resources */ = {
			isa = PBXShellScriptBuildPhase;
			buildActionMask = 2147483647;
			files = (
			);
			inputPaths = (
			);
			name = "[CP] Copy Pods Resources";
			outputPaths = (
			);
			runOnlyForDeploymentPostprocessing = 0;
			shellPath = /bin/sh;
			shellScript = "\"${SRCROOT}/Pods/Target Support Files/Pods-Diamond Club/Pods-Diamond Club-resources.sh\"\n";
			showEnvVarsInLog = 0;
		};
		B92BA88F0857F226DD01BC41 /* [CP] Check Pods Manifest.lock */ = {
			isa = PBXShellScriptBuildPhase;
			buildActionMask = 2147483647;
			files = (
			);
			inputPaths = (
				"${PODS_PODFILE_DIR_PATH}/Podfile.lock",
				"${PODS_ROOT}/Manifest.lock",
			);
			name = "[CP] Check Pods Manifest.lock";
			outputPaths = (
				"$(DERIVED_FILE_DIR)/Pods-Diamond Club-checkManifestLockResult.txt",
			);
			runOnlyForDeploymentPostprocessing = 0;
			shellPath = /bin/sh;
			shellScript = "diff \"${PODS_PODFILE_DIR_PATH}/Podfile.lock\" \"${PODS_ROOT}/Manifest.lock\" > /dev/null\nif [ $? != 0 ] ; then\n    # print error to STDERR\n    echo \"error: The sandbox is not in sync with the Podfile.lock. Run 'pod install' or update your CocoaPods installation.\" >&2\n    exit 1\nfi\n# This output is used by Xcode 'outputs' to avoid re-running this script phase.\necho \"SUCCESS\" > \"${SCRIPT_OUTPUT_FILE_0}\"\n";
			showEnvVarsInLog = 0;
		};
		E21CAECA0165E70E4EEAF989 /* [CP] Embed Pods Frameworks */ = {
			isa = PBXShellScriptBuildPhase;
			buildActionMask = 2147483647;
			files = (
			);
			inputPaths = (
				"${SRCROOT}/Pods/Target Support Files/Pods-Diamond Club/Pods-Diamond Club-frameworks.sh",
				"${BUILT_PRODUCTS_DIR}/Alamofire/Alamofire.framework",
				"${BUILT_PRODUCTS_DIR}/EFQRCode/EFQRCode.framework",
				"${BUILT_PRODUCTS_DIR}/EZLoadingActivity/EZLoadingActivity.framework",
				"${BUILT_PRODUCTS_DIR}/MFCard/MFCard.framework",
				"${BUILT_PRODUCTS_DIR}/QRCode/QRCode.framework",
				"${BUILT_PRODUCTS_DIR}/QRCodeReader.swift/QRCodeReader.framework",
				"${BUILT_PRODUCTS_DIR}/SlideMenuControllerSwift/SlideMenuControllerSwift.framework",
				"${BUILT_PRODUCTS_DIR}/TTGSnackbar/TTGSnackbar.framework",
			);
			name = "[CP] Embed Pods Frameworks";
			outputPaths = (
				"${TARGET_BUILD_DIR}/${FRAMEWORKS_FOLDER_PATH}/Alamofire.framework",
				"${TARGET_BUILD_DIR}/${FRAMEWORKS_FOLDER_PATH}/EFQRCode.framework",
				"${TARGET_BUILD_DIR}/${FRAMEWORKS_FOLDER_PATH}/EZLoadingActivity.framework",
				"${TARGET_BUILD_DIR}/${FRAMEWORKS_FOLDER_PATH}/MFCard.framework",
				"${TARGET_BUILD_DIR}/${FRAMEWORKS_FOLDER_PATH}/QRCode.framework",
				"${TARGET_BUILD_DIR}/${FRAMEWORKS_FOLDER_PATH}/QRCodeReader.framework",
				"${TARGET_BUILD_DIR}/${FRAMEWORKS_FOLDER_PATH}/SlideMenuControllerSwift.framework",
				"${TARGET_BUILD_DIR}/${FRAMEWORKS_FOLDER_PATH}/TTGSnackbar.framework",
			);
			runOnlyForDeploymentPostprocessing = 0;
			shellPath = /bin/sh;
			shellScript = "\"${SRCROOT}/Pods/Target Support Files/Pods-Diamond Club/Pods-Diamond Club-frameworks.sh\"\n";
			showEnvVarsInLog = 0;
		};
/* End PBXShellScriptBuildPhase section */

/* Begin PBXSourcesBuildPhase section */
		D79B5772203AF7FB006687A2 /* Sources */ = {
			isa = PBXSourcesBuildPhase;
			buildActionMask = 2147483647;
			files = (
				0C73F55320500FC10031C787 /* ActionCircleButtons.swift in Sources */,
				D79B57A5203B04A7006687A2 /* LoginViewController.swift in Sources */,
				0C10960620B1C64100060B70 /* ContAgentSetCashbackValueViewController.swift in Sources */,
				0C833D6C207B8C13004D093A /* BuyerInfoViewController.swift in Sources */,
				0CB27B71204ECB58009BCBF8 /* RootNavigationController.swift in Sources */,
				0CBDBD9F20BABA2200E88030 /* ContrAgentStatisticViewController.swift in Sources */,
				0C9FD962204EE0E10094024F /* ContrAgentRightViewController.swift in Sources */,
				0CBDBDAD20BAEF5F00E88030 /* ActivityTableViewCell.swift in Sources */,
				0C833D60207B8A6A004D093A /* AboutDiamondClub.swift in Sources */,
				D77BAAC4203DA57300FD504D /* RoundedButton.swift in Sources */,
				0C9FD95E204EE0950094024F /* ContrAgentMenuViewController.swift in Sources */,
				0C9FD956204EDFFB0094024F /* BuyerRightViewController.swift in Sources */,
				D79B5797203B0068006687A2 /* ContrAgentMainViewController.swift in Sources */,
				0C833D74207B8D64004D093A /* DiamondOnlineViewController.swift in Sources */,
				0C10960C20B1CE3400060B70 /* PartnerCell.swift in Sources */,
				0CC8061C20A9CEA500D3884A /* ContrAgentQRViewController.swift in Sources */,
				0C833D68207B8BD5004D093A /* EditBuyerViewController.swift in Sources */,
				D79B577C203AF7FB006687A2 /* ViewController.swift in Sources */,
				D79B5793203B0041006687A2 /* AdminMainViewController.swift in Sources */,
				0C10960220B1C42900060B70 /* ContrAgentSettings.swift in Sources */,
				0C833D5C207B87A0004D093A /* BuyerMessagesArhive.swift in Sources */,
				D79B57A8203B04D5006687A2 /* RegistrationViewController.swift in Sources */,
				0C9FD952204EDFD70094024F /* BuyerMenuViewController.swift in Sources */,
				D79B577A203AF7FB006687A2 /* AppDelegate.swift in Sources */,
				D79B579E203B034C006687A2 /* AdminHomeViewController.swift in Sources */,
				D73D7E16203B1DA900AC7C75 /* Admin.swift in Sources */,
				D79B5795203B0059006687A2 /* BuyerMainViewController.swift in Sources */,
				0CBDBD9B20BAB90400E88030 /* ContrAgentInfoViewController.swift in Sources */,
				0C9FD95A204EE0800094024F /* ContAgentHomeViewController.swift in Sources */,
				0C833D64207B8AD2004D093A /* BuyerSettingsViewController.swift in Sources */,
				0C833D70207B8D46004D093A /* PartnersViewController.swift in Sources */,
				0C9FD94E204EDFB90094024F /* BuyerHomeViewController.swift in Sources */,
				0CBDBDA620BAC11200E88030 /* DiamondClubRootViewController.swift in Sources */,
				D79B579A203B01F0006687A2 /* AdminMenuViewController.swift in Sources */,
				0CBDBDA320BABAA900E88030 /* ContAgentOperationsViewController.swift in Sources */,
				0C833D7C207B906C004D093A /* SharesViewController.swift in Sources */,
				D73D7E14203B172B00AC7C75 /* AuthorizationController.swift in Sources */,
				D79B57A2203B03B8006687A2 /* AdminRightViewController.swift in Sources */,
				0C10961020B1D93E00060B70 /* FullPartner.swift in Sources */,
				0C833D78207B8D78004D093A /* QRCodeViewController.swift in Sources */,
				0CBDBDA820BAE9A300E88030 /* ActivityItem.swift in Sources */,
				D73D7E1A203B1EEF00AC7C75 /* ContrAgent.swift in Sources */,
				D73D7E18203B1DC100AC7C75 /* Buyer.swift in Sources */,
			);
			runOnlyForDeploymentPostprocessing = 0;
		};
/* End PBXSourcesBuildPhase section */

/* Begin PBXVariantGroup section */
		D79B577D203AF7FB006687A2 /* Main.storyboard */ = {
			isa = PBXVariantGroup;
			children = (
				D79B577E203AF7FB006687A2 /* Base */,
				0CEFA76320C4011B007B0CBB /* ru */,
			);
			name = Main.storyboard;
			sourceTree = "<group>";
		};
		D79B5782203AF7FB006687A2 /* LaunchScreen.storyboard */ = {
			isa = PBXVariantGroup;
			children = (
				D79B5783203AF7FB006687A2 /* Base */,
				0CEFA76420C4011B007B0CBB /* ru */,
			);
			name = LaunchScreen.storyboard;
			sourceTree = "<group>";
		};
/* End PBXVariantGroup section */

/* Begin XCBuildConfiguration section */
		D79B5786203AF7FB006687A2 /* Debug */ = {
			isa = XCBuildConfiguration;
			buildSettings = {
				ALWAYS_SEARCH_USER_PATHS = NO;
				CLANG_ANALYZER_LOCALIZABILITY_NONLOCALIZED = YES;
				CLANG_ANALYZER_NONNULL = YES;
				CLANG_ANALYZER_NUMBER_OBJECT_CONVERSION = YES_AGGRESSIVE;
				CLANG_CXX_LANGUAGE_STANDARD = "gnu++14";
				CLANG_CXX_LIBRARY = "libc++";
				CLANG_ENABLE_MODULES = YES;
				CLANG_ENABLE_OBJC_ARC = YES;
				CLANG_WARN_BLOCK_CAPTURE_AUTORELEASING = YES;
				CLANG_WARN_BOOL_CONVERSION = YES;
				CLANG_WARN_COMMA = YES;
				CLANG_WARN_CONSTANT_CONVERSION = YES;
				CLANG_WARN_DEPRECATED_OBJC_IMPLEMENTATIONS = YES;
				CLANG_WARN_DIRECT_OBJC_ISA_USAGE = YES_ERROR;
				CLANG_WARN_DOCUMENTATION_COMMENTS = YES;
				CLANG_WARN_EMPTY_BODY = YES;
				CLANG_WARN_ENUM_CONVERSION = YES;
				CLANG_WARN_INFINITE_RECURSION = YES;
				CLANG_WARN_INT_CONVERSION = YES;
				CLANG_WARN_NON_LITERAL_NULL_CONVERSION = YES;
				CLANG_WARN_OBJC_IMPLICIT_RETAIN_SELF = YES;
				CLANG_WARN_OBJC_LITERAL_CONVERSION = YES;
				CLANG_WARN_OBJC_ROOT_CLASS = YES_ERROR;
				CLANG_WARN_RANGE_LOOP_ANALYSIS = YES;
				CLANG_WARN_STRICT_PROTOTYPES = YES;
				CLANG_WARN_SUSPICIOUS_MOVE = YES;
				CLANG_WARN_UNGUARDED_AVAILABILITY = YES_AGGRESSIVE;
				CLANG_WARN_UNREACHABLE_CODE = YES;
				CLANG_WARN__DUPLICATE_METHOD_MATCH = YES;
				CODE_SIGN_IDENTITY = "iPhone Developer";
				COPY_PHASE_STRIP = NO;
				DEBUG_INFORMATION_FORMAT = dwarf;
				ENABLE_STRICT_OBJC_MSGSEND = YES;
				ENABLE_TESTABILITY = YES;
				GCC_C_LANGUAGE_STANDARD = gnu11;
				GCC_DYNAMIC_NO_PIC = NO;
				GCC_NO_COMMON_BLOCKS = YES;
				GCC_OPTIMIZATION_LEVEL = 0;
				GCC_PREPROCESSOR_DEFINITIONS = (
					"DEBUG=1",
					"$(inherited)",
				);
				GCC_WARN_64_TO_32_BIT_CONVERSION = YES;
				GCC_WARN_ABOUT_RETURN_TYPE = YES_ERROR;
				GCC_WARN_UNDECLARED_SELECTOR = YES;
				GCC_WARN_UNINITIALIZED_AUTOS = YES_AGGRESSIVE;
				GCC_WARN_UNUSED_FUNCTION = YES;
				GCC_WARN_UNUSED_VARIABLE = YES;
				IPHONEOS_DEPLOYMENT_TARGET = 11.2;
				MTL_ENABLE_DEBUG_INFO = YES;
				ONLY_ACTIVE_ARCH = YES;
				SDKROOT = iphoneos;
				SWIFT_ACTIVE_COMPILATION_CONDITIONS = DEBUG;
				SWIFT_OPTIMIZATION_LEVEL = "-Onone";
			};
			name = Debug;
		};
		D79B5787203AF7FB006687A2 /* Release */ = {
			isa = XCBuildConfiguration;
			buildSettings = {
				ALWAYS_SEARCH_USER_PATHS = NO;
				CLANG_ANALYZER_LOCALIZABILITY_NONLOCALIZED = YES;
				CLANG_ANALYZER_NONNULL = YES;
				CLANG_ANALYZER_NUMBER_OBJECT_CONVERSION = YES_AGGRESSIVE;
				CLANG_CXX_LANGUAGE_STANDARD = "gnu++14";
				CLANG_CXX_LIBRARY = "libc++";
				CLANG_ENABLE_MODULES = YES;
				CLANG_ENABLE_OBJC_ARC = YES;
				CLANG_WARN_BLOCK_CAPTURE_AUTORELEASING = YES;
				CLANG_WARN_BOOL_CONVERSION = YES;
				CLANG_WARN_COMMA = YES;
				CLANG_WARN_CONSTANT_CONVERSION = YES;
				CLANG_WARN_DEPRECATED_OBJC_IMPLEMENTATIONS = YES;
				CLANG_WARN_DIRECT_OBJC_ISA_USAGE = YES_ERROR;
				CLANG_WARN_DOCUMENTATION_COMMENTS = YES;
				CLANG_WARN_EMPTY_BODY = YES;
				CLANG_WARN_ENUM_CONVERSION = YES;
				CLANG_WARN_INFINITE_RECURSION = YES;
				CLANG_WARN_INT_CONVERSION = YES;
				CLANG_WARN_NON_LITERAL_NULL_CONVERSION = YES;
				CLANG_WARN_OBJC_IMPLICIT_RETAIN_SELF = YES;
				CLANG_WARN_OBJC_LITERAL_CONVERSION = YES;
				CLANG_WARN_OBJC_ROOT_CLASS = YES_ERROR;
				CLANG_WARN_RANGE_LOOP_ANALYSIS = YES;
				CLANG_WARN_STRICT_PROTOTYPES = YES;
				CLANG_WARN_SUSPICIOUS_MOVE = YES;
				CLANG_WARN_UNGUARDED_AVAILABILITY = YES_AGGRESSIVE;
				CLANG_WARN_UNREACHABLE_CODE = YES;
				CLANG_WARN__DUPLICATE_METHOD_MATCH = YES;
				CODE_SIGN_IDENTITY = "iPhone Developer";
				COPY_PHASE_STRIP = NO;
				DEBUG_INFORMATION_FORMAT = "dwarf-with-dsym";
				ENABLE_NS_ASSERTIONS = NO;
				ENABLE_STRICT_OBJC_MSGSEND = YES;
				GCC_C_LANGUAGE_STANDARD = gnu11;
				GCC_NO_COMMON_BLOCKS = YES;
				GCC_WARN_64_TO_32_BIT_CONVERSION = YES;
				GCC_WARN_ABOUT_RETURN_TYPE = YES_ERROR;
				GCC_WARN_UNDECLARED_SELECTOR = YES;
				GCC_WARN_UNINITIALIZED_AUTOS = YES_AGGRESSIVE;
				GCC_WARN_UNUSED_FUNCTION = YES;
				GCC_WARN_UNUSED_VARIABLE = YES;
				IPHONEOS_DEPLOYMENT_TARGET = 11.2;
				MTL_ENABLE_DEBUG_INFO = NO;
				SDKROOT = iphoneos;
				SWIFT_OPTIMIZATION_LEVEL = "-Owholemodule";
				VALIDATE_PRODUCT = YES;
			};
			name = Release;
		};
		D79B5789203AF7FB006687A2 /* Debug */ = {
			isa = XCBuildConfiguration;
			baseConfigurationReference = 9EB26B9E585CFD98A6221E80 /* Pods-Diamond Club.debug.xcconfig */;
			buildSettings = {
				ASSETCATALOG_COMPILER_APPICON_NAME = AppIcon;
				CODE_SIGN_ENTITLEMENTS = "Diamond Club/Diamond Club.entitlements";
				CODE_SIGN_STYLE = Automatic;
				DEVELOPMENT_TEAM = 328Q23T368;
				INFOPLIST_FILE = "Diamond Club/Info.plist";
				IPHONEOS_DEPLOYMENT_TARGET = 10.0;
				LD_RUNPATH_SEARCH_PATHS = "$(inherited) @executable_path/Frameworks";
				PRODUCT_BUNDLE_IDENTIFIER = "com.nsd.Diamond-Club";
				PRODUCT_NAME = "$(TARGET_NAME)";
				SWIFT_VERSION = 4.0;
				TARGETED_DEVICE_FAMILY = "1,2";
			};
			name = Debug;
		};
		D79B578A203AF7FB006687A2 /* Release */ = {
			isa = XCBuildConfiguration;
			baseConfigurationReference = 453DC9C4B7B478862508FE29 /* Pods-Diamond Club.release.xcconfig */;
			buildSettings = {
				ASSETCATALOG_COMPILER_APPICON_NAME = AppIcon;
				CODE_SIGN_ENTITLEMENTS = "Diamond Club/Diamond Club.entitlements";
				CODE_SIGN_STYLE = Automatic;
				DEVELOPMENT_TEAM = 328Q23T368;
				INFOPLIST_FILE = "Diamond Club/Info.plist";
				IPHONEOS_DEPLOYMENT_TARGET = 10.0;
				LD_RUNPATH_SEARCH_PATHS = "$(inherited) @executable_path/Frameworks";
				PRODUCT_BUNDLE_IDENTIFIER = "com.nsd.Diamond-Club";
				PRODUCT_NAME = "$(TARGET_NAME)";
				SWIFT_VERSION = 4.0;
				TARGETED_DEVICE_FAMILY = "1,2";
			};
			name = Release;
		};
/* End XCBuildConfiguration section */

/* Begin XCConfigurationList section */
		D79B5771203AF7FB006687A2 /* Build configuration list for PBXProject "Diamond Club" */ = {
			isa = XCConfigurationList;
			buildConfigurations = (
				D79B5786203AF7FB006687A2 /* Debug */,
				D79B5787203AF7FB006687A2 /* Release */,
			);
			defaultConfigurationIsVisible = 0;
			defaultConfigurationName = Release;
		};
		D79B5788203AF7FB006687A2 /* Build configuration list for PBXNativeTarget "Diamond Club" */ = {
			isa = XCConfigurationList;
			buildConfigurations = (
				D79B5789203AF7FB006687A2 /* Debug */,
				D79B578A203AF7FB006687A2 /* Release */,
			);
			defaultConfigurationIsVisible = 0;
			defaultConfigurationName = Release;
		};
/* End XCConfigurationList section */
	};
	rootObject = D79B576E203AF7FB006687A2 /* Project object */;
}
